{
  "name": "myAudioPortfolio",
  "lockfileVersion": 3,
  "requires": true,
  "packages": {
    "": {
      "dependencies": {
        "wavesurfer.js": "^7.0.0-beta.5"
      }
    },
    "node_modules/wavesurfer.js": {
      "version": "7.0.0-beta.5",
      "resolved": "https://registry.npmjs.org/wavesurfer.js/-/wavesurfer.js-7.0.0-beta.5.tgz",
      "integrity": "sha512-TTvTuLCUcfvs6kw4kpZhNN1TCF9bB+Y9HkUsqw8ZJqooMM6FBL6PdPGX7oym/FoSCW0GdhSGL6FUuccPrznYpg=="
    }
  }
}
